
Microsoft Visual Studio Solution File, Format Version 12.00
# Visual Studio Version 17
VisualStudioVersion = 17.11.34909.67
MinimumVisualStudioVersion = 10.0.40219.1
Project("{9A19103F-16F7-4668-BE54-9A1E7A4F7556}") = "Tournament_Api", "Tournament_Api\Tournament_Api.csproj", "{F426976A-1F46-4333-B94E-CBE4B34D33BE}"
EndProject
Project("{9A19103F-16F7-4668-BE54-9A1E7A4F7556}") = "Tournament_Core", "Tournament_Core\Tournament_Core.csproj", "{229600BB-E4C9-4DAA-AF7F-B5AB4D51670F}"
EndProject
Project("{9A19103F-16F7-4668-BE54-9A1E7A4F7556}") = "Tournament_Data", "Tournament_Data\Tournament_Data.csproj", "{9AC198FD-1A67-4DDB-A6D6-81B68193A09F}"
EndProject
Global
	GlobalSection(SolutionConfigurationPlatforms) = preSolution
		Debug|Any CPU = Debug|Any CPU
		Release|Any CPU = Release|Any CPU
	EndGlobalSection
	GlobalSection(ProjectConfigurationPlatforms) = postSolution
		{F426976A-1F46-4333-B94E-CBE4B34D33BE}.Debug|Any CPU.ActiveCfg = Debug|Any CPU
		{F426976A-1F46-4333-B94E-CBE4B34D33BE}.Debug|Any CPU.Build.0 = Debug|Any CPU
		{F426976A-1F46-4333-B94E-CBE4B34D33BE}.Release|Any CPU.ActiveCfg = Release|Any CPU
		{F426976A-1F46-4333-B94E-CBE4B34D33BE}.Release|Any CPU.Build.0 = Release|Any CPU
		{229600BB-E4C9-4DAA-AF7F-B5AB4D51670F}.Debug|Any CPU.ActiveCfg = Debug|Any CPU
		{229600BB-E4C9-4DAA-AF7F-B5AB4D51670F}.Debug|Any CPU.Build.0 = Debug|Any CPU
		{229600BB-E4C9-4DAA-AF7F-B5AB4D51670F}.Release|Any CPU.ActiveCfg = Release|Any CPU
		{229600BB-E4C9-4DAA-AF7F-B5AB4D51670F}.Release|Any CPU.Build.0 = Release|Any CPU
		{9AC198FD-1A67-4DDB-A6D6-81B68193A09F}.Debug|Any CPU.ActiveCfg = Debug|Any CPU
		{9AC198FD-1A67-4DDB-A6D6-81B68193A09F}.Debug|Any CPU.Build.0 = Debug|Any CPU
		{9AC198FD-1A67-4DDB-A6D6-81B68193A09F}.Release|Any CPU.ActiveCfg = Release|Any CPU
		{9AC198FD-1A67-4DDB-A6D6-81B68193A09F}.Release|Any CPU.Build.0 = Release|Any CPU
	EndGlobalSection
	GlobalSection(SolutionProperties) = preSolution
		HideSolutionNode = FALSE
	EndGlobalSection
	GlobalSection(ExtensibilityGlobals) = postSolution
		SolutionGuid = {40C8A547-45F0-4924-A415-8417D2680AF2}
	EndGlobalSection
EndGlobal
